
Microsoft Visual Studio Solution File, Format Version 12.00
# Visual Studio Version 17
VisualStudioVersion = 17.13.35931.197 d17.13
MinimumVisualStudioVersion = 10.0.40219.1
Project("{FAE04EC0-301F-11D3-BF4B-00C04F79EFBC}") = "WinFormsApp2", "WinFormsApp2\WinFormsApp2.csproj", "{054739E1-796A-47E3-8B79-CC3BFF4E17CA}"
EndProject
Global
	GlobalSection(SolutionConfigurationPlatforms) = preSolution
		Debug|Any CPU = Debug|Any CPU
		Release|Any CPU = Release|Any CPU
	EndGlobalSection
	GlobalSection(ProjectConfigurationPlatforms) = postSolution
		{054739E1-796A-47E3-8B79-CC3BFF4E17CA}.Debug|Any CPU.ActiveCfg = Debug|Any CPU
		{054739E1-796A-47E3-8B79-CC3BFF4E17CA}.Debug|Any CPU.Build.0 = Debug|Any CPU
		{054739E1-796A-47E3-8B79-CC3BFF4E17CA}.Release|Any CPU.ActiveCfg = Release|Any CPU
		{054739E1-796A-47E3-8B79-CC3BFF4E17CA}.Release|Any CPU.Build.0 = Release|Any CPU
	EndGlobalSection
	GlobalSection(SolutionProperties) = preSolution
		HideSolutionNode = FALSE
	EndGlobalSection
	GlobalSection(ExtensibilityGlobals) = postSolution
		SolutionGuid = {E7583596-2D82-4162-9980-527FFFA453A8}
	EndGlobalSection
EndGlobal
